
Microsoft Visual Studio Solution File, Format Version 12.00
# Visual Studio 15
VisualStudioVersion = 15.0.28307.421
MinimumVisualStudioVersion = 10.0.40219.1
Project("{FAE04EC0-301F-11D3-BF4B-00C04F79EFBC}") = "BeautySalon1", "BeautySalon1\BeautySalon1.csproj", "{818DDDE2-4E96-4F9C-8E6B-7DD6C4B609CF}"
EndProject
Global
	GlobalSection(SolutionConfigurationPlatforms) = preSolution
		Debug|Any CPU = Debug|Any CPU
		Release|Any CPU = Release|Any CPU
	EndGlobalSection
	GlobalSection(ProjectConfigurationPlatforms) = postSolution
		{818DDDE2-4E96-4F9C-8E6B-7DD6C4B609CF}.Debug|Any CPU.ActiveCfg = Debug|Any CPU
		{818DDDE2-4E96-4F9C-8E6B-7DD6C4B609CF}.Debug|Any CPU.Build.0 = Debug|Any CPU
		{818DDDE2-4E96-4F9C-8E6B-7DD6C4B609CF}.Release|Any CPU.ActiveCfg = Release|Any CPU
		{818DDDE2-4E96-4F9C-8E6B-7DD6C4B609CF}.Release|Any CPU.Build.0 = Release|Any CPU
	EndGlobalSection
	GlobalSection(SolutionProperties) = preSolution
		HideSolutionNode = FALSE
	EndGlobalSection
	GlobalSection(ExtensibilityGlobals) = postSolution
		SolutionGuid = {C4F974E5-10E7-424A-B36A-38E78241D812}
	EndGlobalSection
EndGlobal
